
Microsoft Visual Studio Solution File, Format Version 12.00
# Visual Studio Version 17
VisualStudioVersion = 17.1.32328.378
MinimumVisualStudioVersion = 10.0.40219.1
Project("{FAE04EC0-301F-11D3-BF4B-00C04F79EFBC}") = "SpreadsheetApp", "SpreadsheetApp\SpreadsheetApp.csproj", "{8E677B17-AA9B-44A5-B7E2-779E55E1CE2F}"
EndProject
Global
	GlobalSection(SolutionConfigurationPlatforms) = preSolution
		Debug|Any CPU = Debug|Any CPU
		Release|Any CPU = Release|Any CPU
	EndGlobalSection
	GlobalSection(ProjectConfigurationPlatforms) = postSolution
		{8E677B17-AA9B-44A5-B7E2-779E55E1CE2F}.Debug|Any CPU.ActiveCfg = Debug|Any CPU
		{8E677B17-AA9B-44A5-B7E2-779E55E1CE2F}.Debug|Any CPU.Build.0 = Debug|Any CPU
		{8E677B17-AA9B-44A5-B7E2-779E55E1CE2F}.Release|Any CPU.ActiveCfg = Release|Any CPU
		{8E677B17-AA9B-44A5-B7E2-779E55E1CE2F}.Release|Any CPU.Build.0 = Release|Any CPU
	EndGlobalSection
	GlobalSection(SolutionProperties) = preSolution
		HideSolutionNode = FALSE
	EndGlobalSection
	GlobalSection(ExtensibilityGlobals) = postSolution
		SolutionGuid = {4AB9302F-F233-4C0A-BE87-A8F7F298EDA4}
	EndGlobalSection
EndGlobal
